
Microsoft Visual Studio Solution File, Format Version 12.00
# Visual Studio Version 16
VisualStudioVersion = 16.0.29418.71
MinimumVisualStudioVersion = 10.0.40219.1
Project("{9A19103F-16F7-4668-BE54-9A1E7A4F7556}") = "TaxService", "TaxService\TaxService.csproj", "{4218C734-4C4C-4E4B-9E5E-037E091EB5D3}"
EndProject
Project("{9A19103F-16F7-4668-BE54-9A1E7A4F7556}") = "TaxServiceTests", "TaxServiceTests\TaxServiceTests.csproj", "{AF877B7C-AC08-438F-9A8E-5BEB33837340}"
EndProject
Global
	GlobalSection(SolutionConfigurationPlatforms) = preSolution
		Debug|Any CPU = Debug|Any CPU
		Release|Any CPU = Release|Any CPU
	EndGlobalSection
	GlobalSection(ProjectConfigurationPlatforms) = postSolution
		{4218C734-4C4C-4E4B-9E5E-037E091EB5D3}.Debug|Any CPU.ActiveCfg = Debug|Any CPU
		{4218C734-4C4C-4E4B-9E5E-037E091EB5D3}.Debug|Any CPU.Build.0 = Debug|Any CPU
		{4218C734-4C4C-4E4B-9E5E-037E091EB5D3}.Release|Any CPU.ActiveCfg = Release|Any CPU
		{4218C734-4C4C-4E4B-9E5E-037E091EB5D3}.Release|Any CPU.Build.0 = Release|Any CPU
		{AF877B7C-AC08-438F-9A8E-5BEB33837340}.Debug|Any CPU.ActiveCfg = Debug|Any CPU
		{AF877B7C-AC08-438F-9A8E-5BEB33837340}.Debug|Any CPU.Build.0 = Debug|Any CPU
		{AF877B7C-AC08-438F-9A8E-5BEB33837340}.Release|Any CPU.ActiveCfg = Release|Any CPU
		{AF877B7C-AC08-438F-9A8E-5BEB33837340}.Release|Any CPU.Build.0 = Release|Any CPU
	EndGlobalSection
	GlobalSection(SolutionProperties) = preSolution
		HideSolutionNode = FALSE
	EndGlobalSection
	GlobalSection(ExtensibilityGlobals) = postSolution
		SolutionGuid = {71D6D915-9E1B-4E1A-B678-714C8F6F31AA}
	EndGlobalSection
EndGlobal
